// !$*UTF8*$!
{
	archiveVersion = 1;
	classes = {
	};
	objectVersion = 50;
	objects = {

/* Begin PBXBuildFile section */
		F142E5E021BA913B007579F4 /* AppDelegate.swift in Sources */ = {isa = PBXBuildFile; fileRef = F142E5DF21BA913B007579F4 /* AppDelegate.swift */; };
		F142E5E221BA913B007579F4 /* ViewController.swift in Sources */ = {isa = PBXBuildFile; fileRef = F142E5E121BA913B007579F4 /* ViewController.swift */; };
		F142E5E521BA913B007579F4 /* Main.storyboard in Resources */ = {isa = PBXBuildFile; fileRef = F142E5E321BA913B007579F4 /* Main.storyboard */; };
		F142E5E821BA913B007579F4 /* HomeCheck.xcdatamodeld in Sources */ = {isa = PBXBuildFile; fileRef = F142E5E621BA913B007579F4 /* HomeCheck.xcdatamodeld */; };
		F142E5EA21BA913D007579F4 /* Assets.xcassets in Resources */ = {isa = PBXBuildFile; fileRef = F142E5E921BA913D007579F4 /* Assets.xcassets */; };
		F142E5ED21BA913D007579F4 /* LaunchScreen.storyboard in Resources */ = {isa = PBXBuildFile; fileRef = F142E5EB21BA913D007579F4 /* LaunchScreen.storyboard */; };
/* End PBXBuildFile section */

/* Begin PBXFileReference section */
		F142E5DC21BA913B007579F4 /* HomeCheck.app */ = {isa = PBXFileReference; explicitFileType = wrapper.application; includeInIndex = 0; path = HomeCheck.app; sourceTree = BUILT_PRODUCTS_DIR; };
		F142E5DF21BA913B007579F4 /* AppDelegate.swift */ = {isa = PBXFileReference; lastKnownFileType = sourcecode.swift; path = AppDelegate.swift; sourceTree = "<group>"; };
		F142E5E121BA913B007579F4 /* ViewController.swift */ = {isa = PBXFileReference; lastKnownFileType = sourcecode.swift; path = ViewController.swift; sourceTree = "<group>"; };
		F142E5E421BA913B007579F4 /* Base */ = {isa = PBXFileReference; lastKnownFileType = file.storyboard; name = Base; path = Base.lproj/Main.storyboard; sourceTree = "<group>"; };
		F142E5E721BA913B007579F4 /* HomeCheck.xcdatamodel */ = {isa = PBXFileReference; lastKnownFileType = wrapper.xcdatamodel; path = HomeCheck.xcdatamodel; sourceTree = "<group>"; };
		F142E5E921BA913D007579F4 /* Assets.xcassets */ = {isa = PBXFileReference; lastKnownFileType = folder.assetcatalog; path = Assets.xcassets; sourceTree = "<group>"; };
		F142E5EC21BA913D007579F4 /* Base */ = {isa = PBXFileReference; lastKnownFileType = file.storyboard; name = Base; path = Base.lproj/LaunchScreen.storyboard; sourceTree = "<group>"; };
		F142E5EE21BA913D007579F4 /* Info.plist */ = {isa = PBXFileReference; lastKnownFileType = text.plist.xml; path = Info.plist; sourceTree = "<group>"; };
/* End PBXFileReference section */

/* Begin PBXFrameworksBuildPhase section */
		F142E5D921BA913B007579F4 /* Frameworks */ = {
			isa = PBXFrameworksBuildPhase;
			buildActionMask = 2147483647;
			files = (
			);
			runOnlyForDeploymentPostprocessing = 0;
		};
/* End PBXFrameworksBuildPhase section */

/* Begin PBXGroup section */
		F142E5D321BA913B007579F4 = {
			isa = PBXGroup;
			children = (
				F142E5DE21BA913B007579F4 /* HomeCheck */,
				F142E5DD21BA913B007579F4 /* Products */,
			);
			sourceTree = "<group>";
		};
		F142E5DD21BA913B007579F4 /* Products */ = {
			isa = PBXGroup;
			children = (
				F142E5DC21BA913B007579F4 /* HomeCheck.app */,
			);
			name = Products;
			sourceTree = "<group>";
		};
		F142E5DE21BA913B007579F4 /* HomeCheck */ = {
			isa = PBXGroup;
			children = (
				F142E5DF21BA913B007579F4 /* AppDelegate.swift */,
				F142E5E121BA913B007579F4 /* ViewController.swift */,
				F142E5E321BA913B007579F4 /* Main.storyboard */,
				F142E5E921BA913D007579F4 /* Assets.xcassets */,
				F142E5EB21BA913D007579F4 /* LaunchScreen.storyboard */,
				F142E5EE21BA913D007579F4 /* Info.plist */,
				F142E5E621BA913B007579F4 /* HomeCheck.xcdatamodeld */,
			);
			path = HomeCheck;
			sourceTree = "<group>";
		};
/* End PBXGroup section */

/* Begin PBXNativeTarget section */
		F142E5DB21BA913B007579F4 /* HomeCheck */ = {
			isa = PBXNativeTarget;
			buildConfigurationList = F142E5F121BA913D007579F4 /* Build configuration list for PBXNativeTarget "HomeCheck" */;
			buildPhases = (
				F142E5D821BA913B007579F4 /* Sources */,
				F142E5D921BA913B007579F4 /* Frameworks */,
				F142E5DA21BA913B007579F4 /* Resources */,
			);
			buildRules = (
			);
			dependencies = (
			);
			name = HomeCheck;
			productName = HomeCheck;
			productReference = F142E5DC21BA913B007579F4 /* HomeCheck.app */;
			productType = "com.apple.product-type.application";
		};
/* End PBXNativeTarget section */

/* Begin PBXProject section */
		F142E5D421BA913B007579F4 /* Project object */ = {
			isa = PBXProject;
			attributes = {
				LastSwiftUpdateCheck = 1010;
				LastUpgradeCheck = 1010;
				ORGANIZATIONNAME = "Andrei Vataselu";
				TargetAttributes = {
					F142E5DB21BA913B007579F4 = {
						CreatedOnToolsVersion = 10.1;
					};
				};
			};
			buildConfigurationList = F142E5D721BA913B007579F4 /* Build configuration list for PBXProject "HomeCheck" */;
			compatibilityVersion = "Xcode 9.3";
			developmentRegion = en;
			hasScannedForEncodings = 0;
			knownRegions = (
				en,
				Base,
			);
			mainGroup = F142E5D321BA913B007579F4;
			productRefGroup = F142E5DD21BA913B007579F4 /* Products */;
			projectDirPath = "";
			projectRoot = "";
			targets = (
				F142E5DB21BA913B007579F4 /* HomeCheck */,
			);
		};
/* End PBXProject section */

/* Begin PBXResourcesBuildPhase section */
		F142E5DA21BA913B007579F4 /* Resources */ = {
			isa = PBXResourcesBuildPhase;
			buildActionMask = 2147483647;
			files = (
				F142E5ED21BA913D007579F4 /* LaunchScreen.storyboard in Resources */,
				F142E5EA21BA913D007579F4 /* Assets.xcassets in Resources */,
				F142E5E521BA913B007579F4 /* Main.storyboard in Resources */,
			);
			runOnlyForDeploymentPostprocessing = 0;
		};
/* End PBXResourcesBuildPhase section */

/* Begin PBXSourcesBuildPhase section */
		F142E5D821BA913B007579F4 /* Sources */ = {
			isa = PBXSourcesBuildPhase;
			buildActionMask = 2147483647;
			files = (
				F142E5E821BA913B007579F4 /* HomeCheck.xcdatamodeld in Sources */,
				F142E5E221BA913B007579F4 /* ViewController.swift in Sources */,
				F142E5E021BA913B007579F4 /* AppDelegate.swift in Sources */,
			);
			runOnlyForDeploymentPostprocessing = 0;
		};
/* End PBXSourcesBuildPhase section */

/* Begin PBXVariantGroup section */
		F142E5E321BA913B007579F4 /* Main.storyboard */ = {
			isa = PBXVariantGroup;
			children = (
				F142E5E421BA913B007579F4 /* Base */,
			);
			name = Main.storyboard;
			sourceTree = "<group>";
		};
		F142E5EB21BA913D007579F4 /* LaunchScreen.storyboard */ = {
			isa = PBXVariantGroup;
			children = (
				F142E5EC21BA913D007579F4 /* Base */,
			);
			name = LaunchScreen.storyboard;
			sourceTree = "<group>";
		};
/* End PBXVariantGroup section */

/* Begin XCBuildConfiguration section */
		F142E5EF21BA913D007579F4 /* Debug */ = {
			isa = XCBuildConfiguration;
			buildSettings = {
				ALWAYS_SEARCH_USER_PATHS = NO;
				CLANG_ANALYZER_NONNULL = YES;
				CLANG_ANALYZER_NUMBER_OBJECT_CONVERSION = YES_AGGRESSIVE;
				CLANG_CXX_LANGUAGE_STANDARD = "gnu++14";
				CLANG_CXX_LIBRARY = "libc++";
				CLANG_ENABLE_MODULES = YES;
				CLANG_ENABLE_OBJC_ARC = YES;
				CLANG_ENABLE_OBJC_WEAK = YES;
				CLANG_WARN_BLOCK_CAPTURE_AUTORELEASING = YES;
				CLANG_WARN_BOOL_CONVERSION = YES;
				CLANG_WARN_COMMA = YES;
				CLANG_WARN_CONSTANT_CONVERSION = YES;
				CLANG_WARN_DEPRECATED_OBJC_IMPLEMENTATIONS = YES;
				CLANG_WARN_DIRECT_OBJC_ISA_USAGE = YES_ERROR;
				CLANG_WARN_DOCUMENTATION_COMMENTS = YES;
				CLANG_WARN_EMPTY_BODY = YES;
				CLANG_WARN_ENUM_CONVERSION = YES;
				CLANG_WARN_INFINITE_RECURSION = YES;
				CLANG_WARN_INT_CONVERSION = YES;
				CLANG_WARN_NON_LITERAL_NULL_CONVERSION = YES;
				CLANG_WARN_OBJC_IMPLICIT_RETAIN_SELF = YES;
				CLANG_WARN_OBJC_LITERAL_CONVERSION = YES;
				CLANG_WARN_OBJC_ROOT_CLASS = YES_ERROR;
				CLANG_WARN_RANGE_LOOP_ANALYSIS = YES;
				CLANG_WARN_STRICT_PROTOTYPES = YES;
				CLANG_WARN_SUSPICIOUS_MOVE = YES;
				CLANG_WARN_UNGUARDED_AVAILABILITY = YES_AGGRESSIVE;
				CLANG_WARN_UNREACHABLE_CODE = YES;
				CLANG_WARN__DUPLICATE_METHOD_MATCH = YES;
				CODE_SIGN_IDENTITY = "iPhone Developer";
				COPY_PHASE_STRIP = NO;
				DEBUG_INFORMATION_FORMAT = dwarf;
				ENABLE_STRICT_OBJC_MSGSEND = YES;
				ENABLE_TESTABILITY = YES;
				GCC_C_LANGUAGE_STANDARD = gnu11;
				GCC_DYNAMIC_NO_PIC = NO;
				GCC_NO_COMMON_BLOCKS = YES;
				GCC_OPTIMIZATION_LEVEL = 0;
				GCC_PREPROCESSOR_DEFINITIONS = (
					"DEBUG=1",
					"$(inherited)",
				);
				GCC_WARN_64_TO_32_BIT_CONVERSION = YES;
				GCC_WARN_ABOUT_RETURN_TYPE = YES_ERROR;
				GCC_WARN_UNDECLARED_SELECTOR = YES;
				GCC_WARN_UNINITIALIZED_AUTOS = YES_AGGRESSIVE;
				GCC_WARN_UNUSED_FUNCTION = YES;
				GCC_WARN_UNUSED_VARIABLE = YES;
				IPHONEOS_DEPLOYMENT_TARGET = 12.1;
				MTL_ENABLE_DEBUG_INFO = INCLUDE_SOURCE;
				MTL_FAST_MATH = YES;
				ONLY_ACTIVE_ARCH = YES;
				SDKROOT = iphoneos;
				SWIFT_ACTIVE_COMPILATION_CONDITIONS = DEBUG;
				SWIFT_OPTIMIZATION_LEVEL = "-Onone";
			};
			name = Debug;
		};
		F142E5F021BA913D007579F4 /* Release */ = {
			isa = XCBuildConfiguration;
			buildSettings = {
				ALWAYS_SEARCH_USER_PATHS = NO;
				CLANG_ANALYZER_NONNULL = YES;
				CLANG_ANALYZER_NUMBER_OBJECT_CONVERSION = YES_AGGRESSIVE;
				CLANG_CXX_LANGUAGE_STANDARD = "gnu++14";
				CLANG_CXX_LIBRARY = "libc++";
				CLANG_ENABLE_MODULES = YES;
				CLANG_ENABLE_OBJC_ARC = YES;
				CLANG_ENABLE_OBJC_WEAK = YES;
				CLANG_WARN_BLOCK_CAPTURE_AUTORELEASING = YES;
				CLANG_WARN_BOOL_CONVERSION = YES;
				CLANG_WARN_COMMA = YES;
				CLANG_WARN_CONSTANT_CONVERSION = YES;
				CLANG_WARN_DEPRECATED_OBJC_IMPLEMENTATIONS = YES;
				CLANG_WARN_DIRECT_OBJC_ISA_USAGE = YES_ERROR;
				CLANG_WARN_DOCUMENTATION_COMMENTS = YES;
				CLANG_WARN_EMPTY_BODY = YES;
				CLANG_WARN_ENUM_CONVERSION = YES;
				CLANG_WARN_INFINITE_RECURSION = YES;
				CLANG_WARN_INT_CONVERSION = YES;
				CLANG_WARN_NON_LITERAL_NULL_CONVERSION = YES;
				CLANG_WARN_OBJC_IMPLICIT_RETAIN_SELF = YES;
				CLANG_WARN_OBJC_LITERAL_CONVERSION = YES;
				CLANG_WARN_OBJC_ROOT_CLASS = YES_ERROR;
				CLANG_WARN_RANGE_LOOP_ANALYSIS = YES;
				CLANG_WARN_STRICT_PROTOTYPES = YES;
				CLANG_WARN_SUSPICIOUS_MOVE = YES;
				CLANG_WARN_UNGUARDED_AVAILABILITY = YES_AGGRESSIVE;
				CLANG_WARN_UNREACHABLE_CODE = YES;
				CLANG_WARN__DUPLICATE_METHOD_MATCH = YES;
				CODE_SIGN_IDENTITY = "iPhone Developer";
				COPY_PHASE_STRIP = NO;
				DEBUG_INFORMATION_FORMAT = "dwarf-with-dsym";
				ENABLE_NS_ASSERTIONS = NO;
				ENABLE_STRICT_OBJC_MSGSEND = YES;
				GCC_C_LANGUAGE_STANDARD = gnu11;
				GCC_NO_COMMON_BLOCKS = YES;
				GCC_WARN_64_TO_32_BIT_CONVERSION = YES;
				GCC_WARN_ABOUT_RETURN_TYPE = YES_ERROR;
				GCC_WARN_UNDECLARED_SELECTOR = YES;
				GCC_WARN_UNINITIALIZED_AUTOS = YES_AGGRESSIVE;
				GCC_WARN_UNUSED_FUNCTION = YES;
				GCC_WARN_UNUSED_VARIABLE = YES;
				IPHONEOS_DEPLOYMENT_TARGET = 12.1;
				MTL_ENABLE_DEBUG_INFO = NO;
				MTL_FAST_MATH = YES;
				SDKROOT = iphoneos;
				SWIFT_COMPILATION_MODE = wholemodule;
				SWIFT_OPTIMIZATION_LEVEL = "-O";
				VALIDATE_PRODUCT = YES;
			};
			name = Release;
		};
		F142E5F221BA913D007579F4 /* Debug */ = {
			isa = XCBuildConfiguration;
			buildSettings = {
				ASSETCATALOG_COMPILER_APPICON_NAME = AppIcon;
				CODE_SIGN_STYLE = Automatic;
				DEVELOPMENT_TEAM = KVZCD8H3X4;
				INFOPLIST_FILE = HomeCheck/Info.plist;
				LD_RUNPATH_SEARCH_PATHS = (
					"$(inherited)",
					"@executable_path/Frameworks",
				);
				PRODUCT_BUNDLE_IDENTIFIER = com.andreivataselu.HomeCheck;
				PRODUCT_NAME = "$(TARGET_NAME)";
				SWIFT_VERSION = 4.2;
				TARGETED_DEVICE_FAMILY = "1,2";
			};
			name = Debug;
		};
		F142E5F321BA913D007579F4 /* Release */ = {
			isa = XCBuildConfiguration;
			buildSettings = {
				ASSETCATALOG_COMPILER_APPICON_NAME = AppIcon;
				CODE_SIGN_STYLE = Automatic;
				DEVELOPMENT_TEAM = KVZCD8H3X4;
				INFOPLIST_FILE = HomeCheck/Info.plist;
				LD_RUNPATH_SEARCH_PATHS = (
					"$(inherited)",
					"@executable_path/Frameworks",
				);
				PRODUCT_BUNDLE_IDENTIFIER = com.andreivataselu.HomeCheck;
				PRODUCT_NAME = "$(TARGET_NAME)";
				SWIFT_VERSION = 4.2;
				TARGETED_DEVICE_FAMILY = "1,2";
			};
			name = Release;
		};
/* End XCBuildConfiguration section */

/* Begin XCConfigurationList section */
		F142E5D721BA913B007579F4 /* Build configuration list for PBXProject "HomeCheck" */ = {
			isa = XCConfigurationList;
			buildConfigurations = (
				F142E5EF21BA913D007579F4 /* Debug */,
				F142E5F021BA913D007579F4 /* Release */,
			);
			defaultConfigurationIsVisible = 0;
			defaultConfigurationName = Release;
		};
		F142E5F121BA913D007579F4 /* Build configuration list for PBXNativeTarget "HomeCheck" */ = {
			isa = XCConfigurationList;
			buildConfigurations = (
				F142E5F221BA913D007579F4 /* Debug */,
				F142E5F321BA913D007579F4 /* Release */,
			);
			defaultConfigurationIsVisible = 0;
			defaultConfigurationName = Release;
		};
/* End XCConfigurationList section */

/* Begin XCVersionGroup section */
		F142E5E621BA913B007579F4 /* HomeCheck.xcdatamodeld */ = {
			isa = XCVersionGroup;
			children = (
				F142E5E721BA913B007579F4 /* HomeCheck.xcdatamodel */,
			);
			currentVersion = F142E5E721BA913B007579F4 /* HomeCheck.xcdatamodel */;
			path = HomeCheck.xcdatamodeld;
			sourceTree = "<group>";
			versionGroupType = wrapper.xcdatamodel;
		};
/* End XCVersionGroup section */
	};
	rootObject = F142E5D421BA913B007579F4 /* Project object */;
}
